{
  "version": 4,
  "terraform_version": "1.1.9",
  "serial": 141,
  "lineage": "c3d77b5a-1392-1a3f-77e5-b573e22d4177",
  "outputs": {},
  "resources": [
    {
      "mode": "managed",
      "type": "azurerm_resource_group",
      "name": "rgroup1",
      "provider": "provider[\"registry.terraform.io/hashicorp/azurerm\"]",
      "instances": [
        {
          "schema_version": 0,
          "attributes": {
            "id": "/subscriptions/b8af47be-e371-411e-99cf-60e960a5d5ab/resourceGroups/network-rg",
            "location": "australiacentral",
            "name": "network-rg",
            "tags": {},
            "timeouts": null
          },
          "sensitive_attributes": [],
          "private": "eyJlMmJmYjczMC1lY2FhLTExZTYtOGY4OC0zNDM2M2JjN2M0YzAiOnsiY3JlYXRlIjo1NDAwMDAwMDAwMDAwLCJkZWxldGUiOjU0MDAwMDAwMDAwMDAsInJlYWQiOjMwMDAwMDAwMDAwMCwidXBkYXRlIjo1NDAwMDAwMDAwMDAwfX0="
        }
      ]
    },
    {
      "mode": "managed",
      "type": "azurerm_virtual_network",
      "name": "vnet1",
      "provider": "provider[\"registry.terraform.io/hashicorp/azurerm\"]",
      "instances": [
        {
          "schema_version": 0,
          "attributes": {
            "address_space": [
              "10.0.0.0/16"
            ],
            "bgp_community": "",
            "ddos_protection_plan": [],
            "dns_servers": [],
            "edge_zone": "",
            "flow_timeout_in_minutes": 0,
            "guid": "6e1fc513-0807-4c97-8bee-3b6e9ca0031e",
            "id": "/subscriptions/b8af47be-e371-411e-99cf-60e960a5d5ab/resourceGroups/network-rg/providers/Microsoft.Network/virtualNetworks/network-vnet",
            "location": "australiacentral",
            "name": "network-vnet",
            "resource_group_name": "network-rg",
            "subnet": [
              {
                "address_prefix": "10.0.1.0/24",
                "id": "/subscriptions/b8af47be-e371-411e-99cf-60e960a5d5ab/resourceGroups/network-rg/providers/Microsoft.Network/virtualNetworks/network-vnet/subnets/network-subnet1",
                "name": "network-subnet1",
                "security_group": "/subscriptions/b8af47be-e371-411e-99cf-60e960a5d5ab/resourceGroups/network-rg/providers/Microsoft.Network/networkSecurityGroups/network-nsg1"
              },
              {
                "address_prefix": "10.0.2.0/24",
                "id": "/subscriptions/b8af47be-e371-411e-99cf-60e960a5d5ab/resourceGroups/network-rg/providers/Microsoft.Network/virtualNetworks/network-vnet/subnets/network-subnet2",
                "name": "network-subnet2",
                "security_group": "/subscriptions/b8af47be-e371-411e-99cf-60e960a5d5ab/resourceGroups/network-rg/providers/Microsoft.Network/networkSecurityGroups/network-nsg2"
              }
            ],
            "tags": {},
            "timeouts": null
          },
          "sensitive_attributes": [],
          "private": "eyJlMmJmYjczMC1lY2FhLTExZTYtOGY4OC0zNDM2M2JjN2M0YzAiOnsiY3JlYXRlIjoxODAwMDAwMDAwMDAwLCJkZWxldGUiOjE4MDAwMDAwMDAwMDAsInJlYWQiOjMwMDAwMDAwMDAwMCwidXBkYXRlIjoxODAwMDAwMDAwMDAwfX0="
        }
      ]
    }
  ]
}
