{
  "version": 4,
  "terraform_version": "1.2.0",
  "serial": 128,
  "lineage": "ee575748-5ae4-ff7f-1ab1-2b9e120cb215",
  "outputs": {
    "Linux-Private_IP_Addresses": {
      "value": [
        "10.0.1.5",
        "10.0.1.4"
      ],
      "type": [
        "tuple",
        [
          "string",
          "string"
        ]
      ]
    },
    "Linux-Public_IP_Addresses": {
      "value": [
        "20.227.141.58",
        "20.227.141.61"
      ],
      "type": [
        "tuple",
        [
          "string",
          "string"
        ]
      ]
    },
    "Linux-VM_DNS_Labels": {
      "value": [
        "linux-vm-dns-1.australiacentral.cloudapp.azure.com",
        "linux-vm-dns-2.australiacentral.cloudapp.azure.com"
      ],
      "type": [
        "tuple",
        [
          "string",
          "string"
        ]
      ]
    },
    "Linux-VM_Hostnames": {
      "value": [
        "linux-vm1",
        "linux-vm2"
      ],
      "type": [
        "tuple",
        [
          "string",
          "string"
        ]
      ]
    },
    "Linux_Availability_Set": {
      "value": "linux-avs",
      "type": "string"
    },
    "RGroupLinux": {
      "value": "linux-rg",
      "type": "string"
    },
    "RGroupNetworking": {
      "value": "network-rg",
      "type": "string"
    },
    "RGroupWindows": {
      "value": "windows-rg",
      "type": "string"
    },
    "SecurityGroup1": {
      "value": "secgroup1",
      "type": "string"
    },
    "SecurityGroup2": {
      "value": "secgroup2",
      "type": "string"
    },
    "Subnet1_AddressSpace": {
      "value": [
        "10.0.1.0/24"
      ],
      "type": [
        "list",
        "string"
      ]
    },
    "Subnet1_Name": {
      "value": "subnet1",
      "type": "string"
    },
    "Subnet2_AddressSpace": {
      "value": [
        "10.0.2.0/24"
      ],
      "type": [
        "list",
        "string"
      ]
    },
    "Subnet2_Name": {
      "value": "subnet2",
      "type": "string"
    },
    "VNetAddressSpace": {
      "value": [
        "10.0.0.0/16"
      ],
      "type": [
        "list",
        "string"
      ]
    },
    "VNetworkName": {
      "value": "vnet1",
      "type": "string"
    },
    "Windows-Private_IP_Addresses": {
      "value": [
        "lab-web-w-vm1-dns.australiacentral.cloudapp.azure.com",
        "lab-web-w-vm2-dns.australiacentral.cloudapp.azure.com"
      ],
      "type": [
        "tuple",
        [
          "string",
          "string"
        ]
      ]
    },
    "Windows-Public_IP_Addresses": {
      "value": [
        "",
        ""
      ],
      "type": [
        "tuple",
        [
          "string",
          "string"
        ]
      ]
    },
    "Windows-VM_DNS_Labels": {
      "value": [
        "lab-web-w-vm1-dns.australiacentral.cloudapp.azure.com",
        "lab-web-w-vm2-dns.australiacentral.cloudapp.azure.com"
      ],
      "type": [
        "tuple",
        [
          "string",
          "string"
        ]
      ]
    },
    "Windows-VM_Hostnames": {
      "value": [
        "lab-web-w-vm1",
        "lab-web-w-vm2"
      ],
      "type": [
        "tuple",
        [
          "string",
          "string"
        ]
      ]
    },
    "Windows_Availability_Set": {
      "value": "windows-avs",
      "type": "string"
    }
  },
  "resources": [
    {
      "module": "module.linux",
      "mode": "managed",
      "type": "azurerm_availability_set",
      "name": "avset",
      "provider": "provider[\"registry.terraform.io/hashicorp/azurerm\"]",
      "instances": [
        {
          "schema_version": 0,
          "attributes": {
            "id": "/subscriptions/b8af47be-e371-411e-99cf-60e960a5d5ab/resourceGroups/linux-rg/providers/Microsoft.Compute/availabilitySets/linux-avs",
            "location": "australiacentral",
            "managed": true,
            "name": "linux-avs",
            "platform_fault_domain_count": 2,
            "platform_update_domain_count": 5,
            "proximity_placement_group_id": null,
            "resource_group_name": "linux-rg",
            "tags": null,
            "timeouts": null
          },
          "sensitive_attributes": [],
          "private": "eyJlMmJmYjczMC1lY2FhLTExZTYtOGY4OC0zNDM2M2JjN2M0YzAiOnsiY3JlYXRlIjoxODAwMDAwMDAwMDAwLCJkZWxldGUiOjE4MDAwMDAwMDAwMDAsInJlYWQiOjMwMDAwMDAwMDAwMCwidXBkYXRlIjoxODAwMDAwMDAwMDAwfX0=",
          "dependencies": [
            "module.network.azurerm_network_security_group.secgroup1",
            "module.network.azurerm_network_security_group.secgroup2",
            "module.network.azurerm_subnet.subnet1",
            "module.network.azurerm_subnet.subnet2",
            "module.network.azurerm_subnet_network_security_group_association.sgassociation1",
            "module.network.azurerm_subnet_network_security_group_association.sgassociation2",
            "module.network.azurerm_virtual_network.vnet",
            "module.resource_group.azurerm_resource_group.rgroupLinux",
            "module.resource_group.azurerm_resource_group.rgroupNetworking"
          ]
        }
      ]
    },
    {
      "module": "module.linux",
      "mode": "managed",
      "type": "azurerm_linux_virtual_machine",
      "name": "linux_vm",
      "provider": "provider[\"registry.terraform.io/hashicorp/azurerm\"]",
      "instances": [
        {
          "index_key": 0,
          "schema_version": 0,
          "attributes": {
            "additional_capabilities": [],
            "admin_password": "Admin123",
            "admin_ssh_key": [
              {
                "public_key": "ssh-rsa AAAAB3NzaC1yc2EAAAADAQABAAABgQDUdimfZQRFP+c3OjNCOPrnTgsSgFnWLj9GjZzT6P7wVM529PQHRcWPlNh2x44DbYZQC5Cto549Ai7p1odkOw20xxjKpE0xzOAIhFR68CvUETzxojn5e6CLHZbpTKojICBVwvRyLYMH+N6dXIXHm8+IT59C6OSgKAgZcX9ap9Eht1Xw1XaqnbofDo8I6K4JvolU1Osfwc34aPrjE2txfY+ycGa4BePXPn2U0uqs6v48ufWvcH5vflY30nUNgRuFqjvI+Tf/+Otmz1FYAl12vlSxfZ1YVgzvf94OA829sx/3ZlguXe1AQNuwVKrA6tQY+cZkUcBeJA1JDY2d743KBXr8gPqkTtXAu9jZ4VZFqS2SdYAlvjaIV9UJddSnSGrwWpNZEDl+LXNf64zGBY4DTj0b+G7/OncJIZKSTuYWLaBGf4lb2QElt8iLj18j9jOe/7WRRE6xBIdkLVuy7J+DGrEZy9eB8bPSR5YmtyqDJUrmhPItImfh4JLHNWPyPuhif8s= annfernando@MSI\n",
                "username": "ann-n01517411"
              }
            ],
            "admin_username": "ann-n01517411",
            "allow_extension_operations": true,
            "availability_set_id": "/subscriptions/b8af47be-e371-411e-99cf-60e960a5d5ab/resourceGroups/linux-rg/providers/Microsoft.Compute/availabilitySets/LINUX-AVS",
            "boot_diagnostics": [],
            "computer_name": "linux-vm1",
            "custom_data": null,
            "dedicated_host_group_id": "",
            "dedicated_host_id": "",
            "disable_password_authentication": false,
            "edge_zone": "",
            "encryption_at_host_enabled": false,
            "eviction_policy": "",
            "extensions_time_budget": "PT1H30M",
            "id": "/subscriptions/b8af47be-e371-411e-99cf-60e960a5d5ab/resourceGroups/linux-rg/providers/Microsoft.Compute/virtualMachines/linux-vm1",
            "identity": [],
            "license_type": "",
            "location": "australiacentral",
            "max_bid_price": -1,
            "name": "linux-vm1",
            "network_interface_ids": [
              "/subscriptions/b8af47be-e371-411e-99cf-60e960a5d5ab/resourceGroups/linux-rg/providers/Microsoft.Network/networkInterfaces/linux-vm-nic-2"
            ],
            "os_disk": [
              {
                "caching": "ReadWrite",
                "diff_disk_settings": [],
                "disk_encryption_set_id": "",
                "disk_size_gb": 32,
                "name": "linux-vm-os-disk-1",
                "secure_vm_disk_encryption_set_id": "",
                "security_encryption_type": "",
                "storage_account_type": "Premium_LRS",
                "write_accelerator_enabled": false
              }
            ],
            "patch_mode": "ImageDefault",
            "plan": [],
            "platform_fault_domain": -1,
            "priority": "Regular",
            "private_ip_address": "10.0.1.5",
            "private_ip_addresses": [
              "10.0.1.5"
            ],
            "provision_vm_agent": true,
            "proximity_placement_group_id": "",
            "public_ip_address": "20.227.141.58",
            "public_ip_addresses": [
              "20.227.141.58"
            ],
            "resource_group_name": "linux-rg",
            "secret": [],
            "secure_boot_enabled": false,
            "size": "Standard_B1s",
            "source_image_id": "",
            "source_image_reference": [
              {
                "offer": "UbuntuServer",
                "publisher": "Canonical",
                "sku": "19.04",
                "version": "latest"
              }
            ],
            "tags": {
              "ContactEmail": "annrukshini@gmail.com",
              "Environment": "Lab",
              "Name": "Terraform Class",
              "Project": "Learning"
            },
            "termination_notification": null,
            "timeouts": null,
            "user_data": "",
            "virtual_machine_id": "336b49c4-a0d3-40d5-b7be-4d247c88d5f0",
            "virtual_machine_scale_set_id": "",
            "vtpm_enabled": false,
            "zone": ""
          },
          "sensitive_attributes": [],
          "private": "eyJlMmJmYjczMC1lY2FhLTExZTYtOGY4OC0zNDM2M2JjN2M0YzAiOnsiY3JlYXRlIjoyNzAwMDAwMDAwMDAwLCJkZWxldGUiOjI3MDAwMDAwMDAwMDAsInJlYWQiOjMwMDAwMDAwMDAwMCwidXBkYXRlIjoyNzAwMDAwMDAwMDAwfX0=",
          "dependencies": [
            "module.linux.azurerm_availability_set.avset",
            "module.linux.azurerm_network_interface.linux_nic",
            "module.linux.azurerm_public_ip.public_ip",
            "module.network.azurerm_network_security_group.secgroup1",
            "module.network.azurerm_network_security_group.secgroup2",
            "module.network.azurerm_subnet.subnet1",
            "module.network.azurerm_subnet.subnet2",
            "module.network.azurerm_subnet_network_security_group_association.sgassociation1",
            "module.network.azurerm_subnet_network_security_group_association.sgassociation2",
            "module.network.azurerm_virtual_network.vnet",
            "module.resource_group.azurerm_resource_group.rgroupLinux",
            "module.resource_group.azurerm_resource_group.rgroupNetworking"
          ]
        },
        {
          "index_key": 1,
          "schema_version": 0,
          "attributes": {
            "additional_capabilities": [],
            "admin_password": "Admin123",
            "admin_ssh_key": [
              {
                "public_key": "ssh-rsa AAAAB3NzaC1yc2EAAAADAQABAAABgQDUdimfZQRFP+c3OjNCOPrnTgsSgFnWLj9GjZzT6P7wVM529PQHRcWPlNh2x44DbYZQC5Cto549Ai7p1odkOw20xxjKpE0xzOAIhFR68CvUETzxojn5e6CLHZbpTKojICBVwvRyLYMH+N6dXIXHm8+IT59C6OSgKAgZcX9ap9Eht1Xw1XaqnbofDo8I6K4JvolU1Osfwc34aPrjE2txfY+ycGa4BePXPn2U0uqs6v48ufWvcH5vflY30nUNgRuFqjvI+Tf/+Otmz1FYAl12vlSxfZ1YVgzvf94OA829sx/3ZlguXe1AQNuwVKrA6tQY+cZkUcBeJA1JDY2d743KBXr8gPqkTtXAu9jZ4VZFqS2SdYAlvjaIV9UJddSnSGrwWpNZEDl+LXNf64zGBY4DTj0b+G7/OncJIZKSTuYWLaBGf4lb2QElt8iLj18j9jOe/7WRRE6xBIdkLVuy7J+DGrEZy9eB8bPSR5YmtyqDJUrmhPItImfh4JLHNWPyPuhif8s= annfernando@MSI\n",
                "username": "ann-n01517411"
              }
            ],
            "admin_username": "ann-n01517411",
            "allow_extension_operations": true,
            "availability_set_id": "/subscriptions/b8af47be-e371-411e-99cf-60e960a5d5ab/resourceGroups/linux-rg/providers/Microsoft.Compute/availabilitySets/LINUX-AVS",
            "boot_diagnostics": [],
            "computer_name": "linux-vm2",
            "custom_data": null,
            "dedicated_host_group_id": "",
            "dedicated_host_id": "",
            "disable_password_authentication": false,
            "edge_zone": "",
            "encryption_at_host_enabled": false,
            "eviction_policy": "",
            "extensions_time_budget": "PT1H30M",
            "id": "/subscriptions/b8af47be-e371-411e-99cf-60e960a5d5ab/resourceGroups/linux-rg/providers/Microsoft.Compute/virtualMachines/linux-vm2",
            "identity": [],
            "license_type": "",
            "location": "australiacentral",
            "max_bid_price": -1,
            "name": "linux-vm2",
            "network_interface_ids": [
              "/subscriptions/b8af47be-e371-411e-99cf-60e960a5d5ab/resourceGroups/linux-rg/providers/Microsoft.Network/networkInterfaces/linux-vm-nic-1"
            ],
            "os_disk": [
              {
                "caching": "ReadWrite",
                "diff_disk_settings": [],
                "disk_encryption_set_id": "",
                "disk_size_gb": 32,
                "name": "linux-vm-os-disk-2",
                "secure_vm_disk_encryption_set_id": "",
                "security_encryption_type": "",
                "storage_account_type": "Premium_LRS",
                "write_accelerator_enabled": false
              }
            ],
            "patch_mode": "ImageDefault",
            "plan": [],
            "platform_fault_domain": -1,
            "priority": "Regular",
            "private_ip_address": "10.0.1.4",
            "private_ip_addresses": [
              "10.0.1.4"
            ],
            "provision_vm_agent": true,
            "proximity_placement_group_id": "",
            "public_ip_address": "20.227.141.61",
            "public_ip_addresses": [
              "20.227.141.61"
            ],
            "resource_group_name": "linux-rg",
            "secret": [],
            "secure_boot_enabled": false,
            "size": "Standard_B1s",
            "source_image_id": "",
            "source_image_reference": [
              {
                "offer": "UbuntuServer",
                "publisher": "Canonical",
                "sku": "19.04",
                "version": "latest"
              }
            ],
            "tags": {
              "ContactEmail": "annrukshini@gmail.com",
              "Environment": "Lab",
              "Name": "Terraform Class",
              "Project": "Learning"
            },
            "termination_notification": null,
            "timeouts": null,
            "user_data": "",
            "virtual_machine_id": "28422526-afff-43dd-b6d4-2cc500a4b07c",
            "virtual_machine_scale_set_id": "",
            "vtpm_enabled": false,
            "zone": ""
          },
          "sensitive_attributes": [],
          "private": "eyJlMmJmYjczMC1lY2FhLTExZTYtOGY4OC0zNDM2M2JjN2M0YzAiOnsiY3JlYXRlIjoyNzAwMDAwMDAwMDAwLCJkZWxldGUiOjI3MDAwMDAwMDAwMDAsInJlYWQiOjMwMDAwMDAwMDAwMCwidXBkYXRlIjoyNzAwMDAwMDAwMDAwfX0=",
          "dependencies": [
            "module.linux.azurerm_availability_set.avset",
            "module.linux.azurerm_network_interface.linux_nic",
            "module.linux.azurerm_public_ip.public_ip",
            "module.network.azurerm_network_security_group.secgroup1",
            "module.network.azurerm_network_security_group.secgroup2",
            "module.network.azurerm_subnet.subnet1",
            "module.network.azurerm_subnet.subnet2",
            "module.network.azurerm_subnet_network_security_group_association.sgassociation1",
            "module.network.azurerm_subnet_network_security_group_association.sgassociation2",
            "module.network.azurerm_virtual_network.vnet",
            "module.resource_group.azurerm_resource_group.rgroupLinux",
            "module.resource_group.azurerm_resource_group.rgroupNetworking"
          ]
        }
      ]
    },
    {
      "module": "module.linux",
      "mode": "managed",
      "type": "azurerm_network_interface",
      "name": "linux_nic",
      "provider": "provider[\"registry.terraform.io/hashicorp/azurerm\"]",
      "instances": [
        {
          "index_key": 0,
          "schema_version": 0,
          "attributes": {
            "applied_dns_servers": [],
            "dns_servers": [],
            "edge_zone": "",
            "enable_accelerated_networking": false,
            "enable_ip_forwarding": false,
            "id": "/subscriptions/b8af47be-e371-411e-99cf-60e960a5d5ab/resourceGroups/linux-rg/providers/Microsoft.Network/networkInterfaces/linux-vm-nic-1",
            "internal_dns_name_label": "",
            "internal_domain_name_suffix": "lv4uxisl2guuxmwbip0go4dieb.cbrx.internal.cloudapp.net",
            "ip_configuration": [
              {
                "gateway_load_balancer_frontend_ip_configuration_id": "",
                "name": "internal-1",
                "primary": true,
                "private_ip_address": "10.0.1.4",
                "private_ip_address_allocation": "Dynamic",
                "private_ip_address_version": "IPv4",
                "public_ip_address_id": "/subscriptions/b8af47be-e371-411e-99cf-60e960a5d5ab/resourceGroups/linux-rg/providers/Microsoft.Network/publicIPAddresses/linux-vm-pip-1",
                "subnet_id": "/subscriptions/b8af47be-e371-411e-99cf-60e960a5d5ab/resourceGroups/network-rg/providers/Microsoft.Network/virtualNetworks/vnet1/subnets/subnet1"
              }
            ],
            "location": "australiacentral",
            "mac_address": "",
            "name": "linux-vm-nic-1",
            "private_ip_address": "10.0.1.4",
            "private_ip_addresses": [
              "10.0.1.4"
            ],
            "resource_group_name": "linux-rg",
            "tags": {
              "ContactEmail": "annrukshini@gmail.com",
              "Environment": "Lab",
              "Name": "Terraform Class",
              "Project": "Learning"
            },
            "timeouts": null,
            "virtual_machine_id": ""
          },
          "sensitive_attributes": [],
          "private": "eyJlMmJmYjczMC1lY2FhLTExZTYtOGY4OC0zNDM2M2JjN2M0YzAiOnsiY3JlYXRlIjoxODAwMDAwMDAwMDAwLCJkZWxldGUiOjE4MDAwMDAwMDAwMDAsInJlYWQiOjMwMDAwMDAwMDAwMCwidXBkYXRlIjoxODAwMDAwMDAwMDAwfX0=",
          "dependencies": [
            "module.linux.azurerm_public_ip.public_ip",
            "module.network.azurerm_network_security_group.secgroup1",
            "module.network.azurerm_network_security_group.secgroup2",
            "module.network.azurerm_subnet.subnet1",
            "module.network.azurerm_subnet.subnet2",
            "module.network.azurerm_subnet_network_security_group_association.sgassociation1",
            "module.network.azurerm_subnet_network_security_group_association.sgassociation2",
            "module.network.azurerm_virtual_network.vnet",
            "module.resource_group.azurerm_resource_group.rgroupLinux",
            "module.resource_group.azurerm_resource_group.rgroupNetworking"
          ]
        },
        {
          "index_key": 1,
          "schema_version": 0,
          "attributes": {
            "applied_dns_servers": [],
            "dns_servers": [],
            "edge_zone": "",
            "enable_accelerated_networking": false,
            "enable_ip_forwarding": false,
            "id": "/subscriptions/b8af47be-e371-411e-99cf-60e960a5d5ab/resourceGroups/linux-rg/providers/Microsoft.Network/networkInterfaces/linux-vm-nic-2",
            "internal_dns_name_label": "",
            "internal_domain_name_suffix": "lv4uxisl2guuxmwbip0go4dieb.cbrx.internal.cloudapp.net",
            "ip_configuration": [
              {
                "gateway_load_balancer_frontend_ip_configuration_id": "",
                "name": "internal-2",
                "primary": true,
                "private_ip_address": "10.0.1.5",
                "private_ip_address_allocation": "Dynamic",
                "private_ip_address_version": "IPv4",
                "public_ip_address_id": "/subscriptions/b8af47be-e371-411e-99cf-60e960a5d5ab/resourceGroups/linux-rg/providers/Microsoft.Network/publicIPAddresses/linux-vm-pip-2",
                "subnet_id": "/subscriptions/b8af47be-e371-411e-99cf-60e960a5d5ab/resourceGroups/network-rg/providers/Microsoft.Network/virtualNetworks/vnet1/subnets/subnet1"
              }
            ],
            "location": "australiacentral",
            "mac_address": "",
            "name": "linux-vm-nic-2",
            "private_ip_address": "10.0.1.5",
            "private_ip_addresses": [
              "10.0.1.5"
            ],
            "resource_group_name": "linux-rg",
            "tags": {
              "ContactEmail": "annrukshini@gmail.com",
              "Environment": "Lab",
              "Name": "Terraform Class",
              "Project": "Learning"
            },
            "timeouts": null,
            "virtual_machine_id": ""
          },
          "sensitive_attributes": [],
          "private": "eyJlMmJmYjczMC1lY2FhLTExZTYtOGY4OC0zNDM2M2JjN2M0YzAiOnsiY3JlYXRlIjoxODAwMDAwMDAwMDAwLCJkZWxldGUiOjE4MDAwMDAwMDAwMDAsInJlYWQiOjMwMDAwMDAwMDAwMCwidXBkYXRlIjoxODAwMDAwMDAwMDAwfX0=",
          "dependencies": [
            "module.linux.azurerm_public_ip.public_ip",
            "module.network.azurerm_network_security_group.secgroup1",
            "module.network.azurerm_network_security_group.secgroup2",
            "module.network.azurerm_subnet.subnet1",
            "module.network.azurerm_subnet.subnet2",
            "module.network.azurerm_subnet_network_security_group_association.sgassociation1",
            "module.network.azurerm_subnet_network_security_group_association.sgassociation2",
            "module.network.azurerm_virtual_network.vnet",
            "module.resource_group.azurerm_resource_group.rgroupLinux",
            "module.resource_group.azurerm_resource_group.rgroupNetworking"
          ]
        }
      ]
    },
    {
      "module": "module.linux",
      "mode": "managed",
      "type": "azurerm_public_ip",
      "name": "public_ip",
      "provider": "provider[\"registry.terraform.io/hashicorp/azurerm\"]",
      "instances": [
        {
          "index_key": 0,
          "schema_version": 0,
          "attributes": {
            "allocation_method": "Dynamic",
            "domain_name_label": "linux-vm-dns-1",
            "edge_zone": "",
            "fqdn": "linux-vm-dns-1.australiacentral.cloudapp.azure.com",
            "id": "/subscriptions/b8af47be-e371-411e-99cf-60e960a5d5ab/resourceGroups/linux-rg/providers/Microsoft.Network/publicIPAddresses/linux-vm-pip-1",
            "idle_timeout_in_minutes": 4,
            "ip_address": "",
            "ip_tags": null,
            "ip_version": "IPv4",
            "location": "australiacentral",
            "name": "linux-vm-pip-1",
            "public_ip_prefix_id": null,
            "resource_group_name": "linux-rg",
            "reverse_fqdn": "",
            "sku": "Basic",
            "sku_tier": "Regional",
            "tags": {
              "ContactEmail": "annrukshini@gmail.com",
              "Environment": "Lab",
              "Name": "Terraform Class",
              "Project": "Learning"
            },
            "timeouts": null,
            "zones": null
          },
          "sensitive_attributes": [],
          "private": "eyJlMmJmYjczMC1lY2FhLTExZTYtOGY4OC0zNDM2M2JjN2M0YzAiOnsiY3JlYXRlIjoxODAwMDAwMDAwMDAwLCJkZWxldGUiOjE4MDAwMDAwMDAwMDAsInJlYWQiOjMwMDAwMDAwMDAwMCwidXBkYXRlIjoxODAwMDAwMDAwMDAwfX0=",
          "dependencies": [
            "module.network.azurerm_network_security_group.secgroup1",
            "module.network.azurerm_network_security_group.secgroup2",
            "module.network.azurerm_subnet.subnet1",
            "module.network.azurerm_subnet.subnet2",
            "module.network.azurerm_subnet_network_security_group_association.sgassociation1",
            "module.network.azurerm_subnet_network_security_group_association.sgassociation2",
            "module.network.azurerm_virtual_network.vnet",
            "module.resource_group.azurerm_resource_group.rgroupLinux",
            "module.resource_group.azurerm_resource_group.rgroupNetworking"
          ]
        },
        {
          "index_key": 1,
          "schema_version": 0,
          "attributes": {
            "allocation_method": "Dynamic",
            "domain_name_label": "linux-vm-dns-2",
            "edge_zone": "",
            "fqdn": "linux-vm-dns-2.australiacentral.cloudapp.azure.com",
            "id": "/subscriptions/b8af47be-e371-411e-99cf-60e960a5d5ab/resourceGroups/linux-rg/providers/Microsoft.Network/publicIPAddresses/linux-vm-pip-2",
            "idle_timeout_in_minutes": 4,
            "ip_address": "",
            "ip_tags": null,
            "ip_version": "IPv4",
            "location": "australiacentral",
            "name": "linux-vm-pip-2",
            "public_ip_prefix_id": null,
            "resource_group_name": "linux-rg",
            "reverse_fqdn": "",
            "sku": "Basic",
            "sku_tier": "Regional",
            "tags": {
              "ContactEmail": "annrukshini@gmail.com",
              "Environment": "Lab",
              "Name": "Terraform Class",
              "Project": "Learning"
            },
            "timeouts": null,
            "zones": null
          },
          "sensitive_attributes": [],
          "private": "eyJlMmJmYjczMC1lY2FhLTExZTYtOGY4OC0zNDM2M2JjN2M0YzAiOnsiY3JlYXRlIjoxODAwMDAwMDAwMDAwLCJkZWxldGUiOjE4MDAwMDAwMDAwMDAsInJlYWQiOjMwMDAwMDAwMDAwMCwidXBkYXRlIjoxODAwMDAwMDAwMDAwfX0=",
          "dependencies": [
            "module.network.azurerm_network_security_group.secgroup1",
            "module.network.azurerm_network_security_group.secgroup2",
            "module.network.azurerm_subnet.subnet1",
            "module.network.azurerm_subnet.subnet2",
            "module.network.azurerm_subnet_network_security_group_association.sgassociation1",
            "module.network.azurerm_subnet_network_security_group_association.sgassociation2",
            "module.network.azurerm_virtual_network.vnet",
            "module.resource_group.azurerm_resource_group.rgroupLinux",
            "module.resource_group.azurerm_resource_group.rgroupNetworking"
          ]
        }
      ]
    },
    {
      "module": "module.linux",
      "mode": "managed",
      "type": "null_resource",
      "name": "linux_provisioner",
      "provider": "provider[\"registry.terraform.io/hashicorp/null\"]",
      "instances": [
        {
          "index_key": 0,
          "schema_version": 0,
          "attributes": {
            "id": "1200512254356453224",
            "triggers": null
          },
          "sensitive_attributes": [],
          "private": "bnVsbA==",
          "dependencies": [
            "module.linux.azurerm_availability_set.avset",
            "module.linux.azurerm_linux_virtual_machine.linux_vm",
            "module.linux.azurerm_network_interface.linux_nic",
            "module.linux.azurerm_public_ip.public_ip",
            "module.network.azurerm_network_security_group.secgroup1",
            "module.network.azurerm_network_security_group.secgroup2",
            "module.network.azurerm_subnet.subnet1",
            "module.network.azurerm_subnet.subnet2",
            "module.network.azurerm_subnet_network_security_group_association.sgassociation1",
            "module.network.azurerm_subnet_network_security_group_association.sgassociation2",
            "module.network.azurerm_virtual_network.vnet",
            "module.resource_group.azurerm_resource_group.rgroupLinux",
            "module.resource_group.azurerm_resource_group.rgroupNetworking"
          ]
        },
        {
          "index_key": 1,
          "schema_version": 0,
          "attributes": {
            "id": "1766621733926880561",
            "triggers": null
          },
          "sensitive_attributes": [],
          "private": "bnVsbA==",
          "dependencies": [
            "module.linux.azurerm_availability_set.avset",
            "module.linux.azurerm_linux_virtual_machine.linux_vm",
            "module.linux.azurerm_network_interface.linux_nic",
            "module.linux.azurerm_public_ip.public_ip",
            "module.network.azurerm_network_security_group.secgroup1",
            "module.network.azurerm_network_security_group.secgroup2",
            "module.network.azurerm_subnet.subnet1",
            "module.network.azurerm_subnet.subnet2",
            "module.network.azurerm_subnet_network_security_group_association.sgassociation1",
            "module.network.azurerm_subnet_network_security_group_association.sgassociation2",
            "module.network.azurerm_virtual_network.vnet",
            "module.resource_group.azurerm_resource_group.rgroupLinux",
            "module.resource_group.azurerm_resource_group.rgroupNetworking"
          ]
        }
      ]
    },
    {
      "module": "module.network",
      "mode": "managed",
      "type": "azurerm_network_security_group",
      "name": "secgroup1",
      "provider": "provider[\"registry.terraform.io/hashicorp/azurerm\"]",
      "instances": [
        {
          "schema_version": 0,
          "attributes": {
            "id": "/subscriptions/b8af47be-e371-411e-99cf-60e960a5d5ab/resourceGroups/network-rg/providers/Microsoft.Network/networkSecurityGroups/secgroup1",
            "location": "australiacentral",
            "name": "secgroup1",
            "resource_group_name": "network-rg",
            "security_rule": [
              {
                "access": "Allow",
                "description": "",
                "destination_address_prefix": "*",
                "destination_address_prefixes": [],
                "destination_application_security_group_ids": [],
                "destination_port_range": "22",
                "destination_port_ranges": [],
                "direction": "Inbound",
                "name": "rule1",
                "priority": 100,
                "protocol": "Tcp",
                "source_address_prefix": "*",
                "source_address_prefixes": [],
                "source_application_security_group_ids": [],
                "source_port_range": "*",
                "source_port_ranges": []
              }
            ],
            "tags": {},
            "timeouts": null
          },
          "sensitive_attributes": [],
          "private": "eyJlMmJmYjczMC1lY2FhLTExZTYtOGY4OC0zNDM2M2JjN2M0YzAiOnsiY3JlYXRlIjoxODAwMDAwMDAwMDAwLCJkZWxldGUiOjE4MDAwMDAwMDAwMDAsInJlYWQiOjMwMDAwMDAwMDAwMCwidXBkYXRlIjoxODAwMDAwMDAwMDAwfX0=",
          "dependencies": [
            "module.network.azurerm_virtual_network.vnet",
            "module.resource_group.azurerm_resource_group.rgroupNetworking"
          ]
        }
      ]
    },
    {
      "module": "module.network",
      "mode": "managed",
      "type": "azurerm_network_security_group",
      "name": "secgroup2",
      "provider": "provider[\"registry.terraform.io/hashicorp/azurerm\"]",
      "instances": [
        {
          "schema_version": 0,
          "attributes": {
            "id": "/subscriptions/b8af47be-e371-411e-99cf-60e960a5d5ab/resourceGroups/network-rg/providers/Microsoft.Network/networkSecurityGroups/secgroup2",
            "location": "australiacentral",
            "name": "secgroup2",
            "resource_group_name": "network-rg",
            "security_rule": [
              {
                "access": "Allow",
                "description": "",
                "destination_address_prefix": "*",
                "destination_address_prefixes": [],
                "destination_application_security_group_ids": [],
                "destination_port_range": "*",
                "destination_port_ranges": [],
                "direction": "Inbound",
                "name": "rule1",
                "priority": 100,
                "protocol": "Tcp",
                "source_address_prefix": "*",
                "source_address_prefixes": [],
                "source_application_security_group_ids": [],
                "source_port_range": "3389",
                "source_port_ranges": []
              },
              {
                "access": "Allow",
                "description": "",
                "destination_address_prefix": "*",
                "destination_address_prefixes": [],
                "destination_application_security_group_ids": [],
                "destination_port_range": "*",
                "destination_port_ranges": [],
                "direction": "Inbound",
                "name": "rule2",
                "priority": 200,
                "protocol": "Tcp",
                "source_address_prefix": "*",
                "source_address_prefixes": [],
                "source_application_security_group_ids": [],
                "source_port_range": "5985",
                "source_port_ranges": []
              }
            ],
            "tags": {},
            "timeouts": null
          },
          "sensitive_attributes": [],
          "private": "eyJlMmJmYjczMC1lY2FhLTExZTYtOGY4OC0zNDM2M2JjN2M0YzAiOnsiY3JlYXRlIjoxODAwMDAwMDAwMDAwLCJkZWxldGUiOjE4MDAwMDAwMDAwMDAsInJlYWQiOjMwMDAwMDAwMDAwMCwidXBkYXRlIjoxODAwMDAwMDAwMDAwfX0=",
          "dependencies": [
            "module.resource_group.azurerm_resource_group.rgroupNetworking"
          ]
        }
      ]
    },
    {
      "module": "module.network",
      "mode": "managed",
      "type": "azurerm_subnet",
      "name": "subnet1",
      "provider": "provider[\"registry.terraform.io/hashicorp/azurerm\"]",
      "instances": [
        {
          "schema_version": 0,
          "attributes": {
            "address_prefixes": [
              "10.0.1.0/24"
            ],
            "delegation": [],
            "enforce_private_link_endpoint_network_policies": false,
            "enforce_private_link_service_network_policies": false,
            "id": "/subscriptions/b8af47be-e371-411e-99cf-60e960a5d5ab/resourceGroups/network-rg/providers/Microsoft.Network/virtualNetworks/vnet1/subnets/subnet1",
            "name": "subnet1",
            "resource_group_name": "network-rg",
            "service_endpoint_policy_ids": null,
            "service_endpoints": null,
            "timeouts": null,
            "virtual_network_name": "vnet1"
          },
          "sensitive_attributes": [],
          "private": "eyJlMmJmYjczMC1lY2FhLTExZTYtOGY4OC0zNDM2M2JjN2M0YzAiOnsiY3JlYXRlIjoxODAwMDAwMDAwMDAwLCJkZWxldGUiOjE4MDAwMDAwMDAwMDAsInJlYWQiOjMwMDAwMDAwMDAwMCwidXBkYXRlIjoxODAwMDAwMDAwMDAwfX0=",
          "dependencies": [
            "module.resource_group.azurerm_resource_group.rgroupNetworking"
          ]
        }
      ]
    },
    {
      "module": "module.network",
      "mode": "managed",
      "type": "azurerm_subnet",
      "name": "subnet2",
      "provider": "provider[\"registry.terraform.io/hashicorp/azurerm\"]",
      "instances": [
        {
          "schema_version": 0,
          "attributes": {
            "address_prefixes": [
              "10.0.2.0/24"
            ],
            "delegation": [],
            "enforce_private_link_endpoint_network_policies": false,
            "enforce_private_link_service_network_policies": false,
            "id": "/subscriptions/b8af47be-e371-411e-99cf-60e960a5d5ab/resourceGroups/network-rg/providers/Microsoft.Network/virtualNetworks/vnet1/subnets/subnet2",
            "name": "subnet2",
            "resource_group_name": "network-rg",
            "service_endpoint_policy_ids": null,
            "service_endpoints": null,
            "timeouts": null,
            "virtual_network_name": "vnet1"
          },
          "sensitive_attributes": [],
          "private": "eyJlMmJmYjczMC1lY2FhLTExZTYtOGY4OC0zNDM2M2JjN2M0YzAiOnsiY3JlYXRlIjoxODAwMDAwMDAwMDAwLCJkZWxldGUiOjE4MDAwMDAwMDAwMDAsInJlYWQiOjMwMDAwMDAwMDAwMCwidXBkYXRlIjoxODAwMDAwMDAwMDAwfX0=",
          "dependencies": [
            "module.resource_group.azurerm_resource_group.rgroupNetworking"
          ]
        }
      ]
    },
    {
      "module": "module.network",
      "mode": "managed",
      "type": "azurerm_subnet_network_security_group_association",
      "name": "sgassociation1",
      "provider": "provider[\"registry.terraform.io/hashicorp/azurerm\"]",
      "instances": [
        {
          "schema_version": 0,
          "attributes": {
            "id": "/subscriptions/b8af47be-e371-411e-99cf-60e960a5d5ab/resourceGroups/network-rg/providers/Microsoft.Network/virtualNetworks/vnet1/subnets/subnet1",
            "network_security_group_id": "/subscriptions/b8af47be-e371-411e-99cf-60e960a5d5ab/resourceGroups/network-rg/providers/Microsoft.Network/networkSecurityGroups/secgroup1",
            "subnet_id": "/subscriptions/b8af47be-e371-411e-99cf-60e960a5d5ab/resourceGroups/network-rg/providers/Microsoft.Network/virtualNetworks/vnet1/subnets/subnet1",
            "timeouts": null
          },
          "sensitive_attributes": [],
          "private": "eyJlMmJmYjczMC1lY2FhLTExZTYtOGY4OC0zNDM2M2JjN2M0YzAiOnsiY3JlYXRlIjoxODAwMDAwMDAwMDAwLCJkZWxldGUiOjE4MDAwMDAwMDAwMDAsInJlYWQiOjMwMDAwMDAwMDAwMCwidXBkYXRlIjoxODAwMDAwMDAwMDAwfX0=",
          "dependencies": [
            "module.network.azurerm_network_security_group.secgroup1",
            "module.network.azurerm_subnet.subnet1",
            "module.resource_group.azurerm_resource_group.rgroupNetworking"
          ]
        }
      ]
    },
    {
      "module": "module.network",
      "mode": "managed",
      "type": "azurerm_subnet_network_security_group_association",
      "name": "sgassociation2",
      "provider": "provider[\"registry.terraform.io/hashicorp/azurerm\"]",
      "instances": [
        {
          "schema_version": 0,
          "attributes": {
            "id": "/subscriptions/b8af47be-e371-411e-99cf-60e960a5d5ab/resourceGroups/network-rg/providers/Microsoft.Network/virtualNetworks/vnet1/subnets/subnet2",
            "network_security_group_id": "/subscriptions/b8af47be-e371-411e-99cf-60e960a5d5ab/resourceGroups/network-rg/providers/Microsoft.Network/networkSecurityGroups/secgroup2",
            "subnet_id": "/subscriptions/b8af47be-e371-411e-99cf-60e960a5d5ab/resourceGroups/network-rg/providers/Microsoft.Network/virtualNetworks/vnet1/subnets/subnet2",
            "timeouts": null
          },
          "sensitive_attributes": [],
          "private": "eyJlMmJmYjczMC1lY2FhLTExZTYtOGY4OC0zNDM2M2JjN2M0YzAiOnsiY3JlYXRlIjoxODAwMDAwMDAwMDAwLCJkZWxldGUiOjE4MDAwMDAwMDAwMDAsInJlYWQiOjMwMDAwMDAwMDAwMCwidXBkYXRlIjoxODAwMDAwMDAwMDAwfX0=",
          "dependencies": [
            "module.network.azurerm_network_security_group.secgroup2",
            "module.network.azurerm_subnet.subnet2",
            "module.resource_group.azurerm_resource_group.rgroupNetworking"
          ]
        }
      ]
    },
    {
      "module": "module.network",
      "mode": "managed",
      "type": "azurerm_virtual_network",
      "name": "vnet",
      "provider": "provider[\"registry.terraform.io/hashicorp/azurerm\"]",
      "instances": [
        {
          "schema_version": 0,
          "attributes": {
            "address_space": [
              "10.0.0.0/16"
            ],
            "bgp_community": "",
            "ddos_protection_plan": [],
            "dns_servers": [],
            "edge_zone": "",
            "flow_timeout_in_minutes": 0,
            "guid": "a24b7d5d-e14b-4ba9-b2c1-43f467786821",
            "id": "/subscriptions/b8af47be-e371-411e-99cf-60e960a5d5ab/resourceGroups/network-rg/providers/Microsoft.Network/virtualNetworks/vnet1",
            "location": "australiacentral",
            "name": "vnet1",
            "resource_group_name": "network-rg",
            "subnet": [],
            "tags": {},
            "timeouts": null
          },
          "sensitive_attributes": [],
          "private": "eyJlMmJmYjczMC1lY2FhLTExZTYtOGY4OC0zNDM2M2JjN2M0YzAiOnsiY3JlYXRlIjoxODAwMDAwMDAwMDAwLCJkZWxldGUiOjE4MDAwMDAwMDAwMDAsInJlYWQiOjMwMDAwMDAwMDAwMCwidXBkYXRlIjoxODAwMDAwMDAwMDAwfX0=",
          "dependencies": [
            "module.resource_group.azurerm_resource_group.rgroupNetworking"
          ]
        }
      ]
    },
    {
      "module": "module.resource_group",
      "mode": "managed",
      "type": "azurerm_resource_group",
      "name": "rgroupLinux",
      "provider": "provider[\"registry.terraform.io/hashicorp/azurerm\"]",
      "instances": [
        {
          "schema_version": 0,
          "attributes": {
            "id": "/subscriptions/b8af47be-e371-411e-99cf-60e960a5d5ab/resourceGroups/linux-rg",
            "location": "australiacentral",
            "name": "linux-rg",
            "tags": {},
            "timeouts": null
          },
          "sensitive_attributes": [],
          "private": "eyJlMmJmYjczMC1lY2FhLTExZTYtOGY4OC0zNDM2M2JjN2M0YzAiOnsiY3JlYXRlIjo1NDAwMDAwMDAwMDAwLCJkZWxldGUiOjU0MDAwMDAwMDAwMDAsInJlYWQiOjMwMDAwMDAwMDAwMCwidXBkYXRlIjo1NDAwMDAwMDAwMDAwfX0="
        }
      ]
    },
    {
      "module": "module.resource_group",
      "mode": "managed",
      "type": "azurerm_resource_group",
      "name": "rgroupNetworking",
      "provider": "provider[\"registry.terraform.io/hashicorp/azurerm\"]",
      "instances": [
        {
          "schema_version": 0,
          "attributes": {
            "id": "/subscriptions/b8af47be-e371-411e-99cf-60e960a5d5ab/resourceGroups/network-rg",
            "location": "australiacentral",
            "name": "network-rg",
            "tags": {},
            "timeouts": null
          },
          "sensitive_attributes": [],
          "private": "eyJlMmJmYjczMC1lY2FhLTExZTYtOGY4OC0zNDM2M2JjN2M0YzAiOnsiY3JlYXRlIjo1NDAwMDAwMDAwMDAwLCJkZWxldGUiOjU0MDAwMDAwMDAwMDAsInJlYWQiOjMwMDAwMDAwMDAwMCwidXBkYXRlIjo1NDAwMDAwMDAwMDAwfX0="
        }
      ]
    },
    {
      "module": "module.resource_group",
      "mode": "managed",
      "type": "azurerm_resource_group",
      "name": "rgroupWindows",
      "provider": "provider[\"registry.terraform.io/hashicorp/azurerm\"]",
      "instances": [
        {
          "schema_version": 0,
          "attributes": {
            "id": "/subscriptions/b8af47be-e371-411e-99cf-60e960a5d5ab/resourceGroups/windows-rg",
            "location": "australiacentral",
            "name": "windows-rg",
            "tags": {},
            "timeouts": null
          },
          "sensitive_attributes": [],
          "private": "eyJlMmJmYjczMC1lY2FhLTExZTYtOGY4OC0zNDM2M2JjN2M0YzAiOnsiY3JlYXRlIjo1NDAwMDAwMDAwMDAwLCJkZWxldGUiOjU0MDAwMDAwMDAwMDAsInJlYWQiOjMwMDAwMDAwMDAwMCwidXBkYXRlIjo1NDAwMDAwMDAwMDAwfX0="
        }
      ]
    },
    {
      "module": "module.windows",
      "mode": "managed",
      "type": "azurerm_availability_set",
      "name": "avset",
      "provider": "provider[\"registry.terraform.io/hashicorp/azurerm\"]",
      "instances": [
        {
          "schema_version": 0,
          "attributes": {
            "id": "/subscriptions/b8af47be-e371-411e-99cf-60e960a5d5ab/resourceGroups/windows-rg/providers/Microsoft.Compute/availabilitySets/windows-avs",
            "location": "australiacentral",
            "managed": true,
            "name": "windows-avs",
            "platform_fault_domain_count": 2,
            "platform_update_domain_count": 5,
            "proximity_placement_group_id": null,
            "resource_group_name": "windows-rg",
            "tags": null,
            "timeouts": null
          },
          "sensitive_attributes": [],
          "private": "eyJlMmJmYjczMC1lY2FhLTExZTYtOGY4OC0zNDM2M2JjN2M0YzAiOnsiY3JlYXRlIjoxODAwMDAwMDAwMDAwLCJkZWxldGUiOjE4MDAwMDAwMDAwMDAsInJlYWQiOjMwMDAwMDAwMDAwMCwidXBkYXRlIjoxODAwMDAwMDAwMDAwfX0=",
          "dependencies": [
            "module.network.azurerm_network_security_group.secgroup1",
            "module.network.azurerm_network_security_group.secgroup2",
            "module.network.azurerm_subnet.subnet1",
            "module.network.azurerm_subnet.subnet2",
            "module.network.azurerm_subnet_network_security_group_association.sgassociation1",
            "module.network.azurerm_subnet_network_security_group_association.sgassociation2",
            "module.network.azurerm_virtual_network.vnet",
            "module.resource_group.azurerm_resource_group.rgroupNetworking",
            "module.resource_group.azurerm_resource_group.rgroupWindows"
          ]
        }
      ]
    },
    {
      "module": "module.windows",
      "mode": "managed",
      "type": "azurerm_network_interface",
      "name": "windows_nic",
      "provider": "provider[\"registry.terraform.io/hashicorp/azurerm\"]",
      "instances": [
        {
          "index_key": "lab-web-w-vm1",
          "schema_version": 0,
          "attributes": {
            "applied_dns_servers": [],
            "dns_servers": [],
            "edge_zone": "",
            "enable_accelerated_networking": false,
            "enable_ip_forwarding": false,
            "id": "/subscriptions/b8af47be-e371-411e-99cf-60e960a5d5ab/resourceGroups/windows-rg/providers/Microsoft.Network/networkInterfaces/lab-web-w-vm1-nic",
            "internal_dns_name_label": "",
            "internal_domain_name_suffix": "lv4uxisl2guuxmwbip0go4dieb.cbrx.internal.cloudapp.net",
            "ip_configuration": [
              {
                "gateway_load_balancer_frontend_ip_configuration_id": "",
                "name": "lab-web-w-vm1-internal",
                "primary": true,
                "private_ip_address": "10.0.2.5",
                "private_ip_address_allocation": "Dynamic",
                "private_ip_address_version": "IPv4",
                "public_ip_address_id": "",
                "subnet_id": "/subscriptions/b8af47be-e371-411e-99cf-60e960a5d5ab/resourceGroups/network-rg/providers/Microsoft.Network/virtualNetworks/vnet1/subnets/subnet2"
              }
            ],
            "location": "australiacentral",
            "mac_address": "",
            "name": "lab-web-w-vm1-nic",
            "private_ip_address": "10.0.2.5",
            "private_ip_addresses": [
              "10.0.2.5"
            ],
            "resource_group_name": "windows-rg",
            "tags": {
              "ContactEmail": "annrukshini@gmail.com",
              "Environment": "Lab",
              "Name": "Terraform Class",
              "Project": "Learning"
            },
            "timeouts": null,
            "virtual_machine_id": ""
          },
          "sensitive_attributes": [],
          "private": "eyJlMmJmYjczMC1lY2FhLTExZTYtOGY4OC0zNDM2M2JjN2M0YzAiOnsiY3JlYXRlIjoxODAwMDAwMDAwMDAwLCJkZWxldGUiOjE4MDAwMDAwMDAwMDAsInJlYWQiOjMwMDAwMDAwMDAwMCwidXBkYXRlIjoxODAwMDAwMDAwMDAwfX0=",
          "dependencies": [
            "module.network.azurerm_network_security_group.secgroup1",
            "module.network.azurerm_network_security_group.secgroup2",
            "module.network.azurerm_subnet.subnet1",
            "module.network.azurerm_subnet.subnet2",
            "module.network.azurerm_subnet_network_security_group_association.sgassociation1",
            "module.network.azurerm_subnet_network_security_group_association.sgassociation2",
            "module.network.azurerm_virtual_network.vnet",
            "module.resource_group.azurerm_resource_group.rgroupNetworking",
            "module.resource_group.azurerm_resource_group.rgroupWindows"
          ]
        },
        {
          "index_key": "lab-web-w-vm2",
          "schema_version": 0,
          "attributes": {
            "applied_dns_servers": [],
            "dns_servers": [],
            "edge_zone": "",
            "enable_accelerated_networking": false,
            "enable_ip_forwarding": false,
            "id": "/subscriptions/b8af47be-e371-411e-99cf-60e960a5d5ab/resourceGroups/windows-rg/providers/Microsoft.Network/networkInterfaces/lab-web-w-vm2-nic",
            "internal_dns_name_label": "",
            "internal_domain_name_suffix": "lv4uxisl2guuxmwbip0go4dieb.cbrx.internal.cloudapp.net",
            "ip_configuration": [
              {
                "gateway_load_balancer_frontend_ip_configuration_id": "",
                "name": "lab-web-w-vm2-internal",
                "primary": true,
                "private_ip_address": "10.0.2.4",
                "private_ip_address_allocation": "Dynamic",
                "private_ip_address_version": "IPv4",
                "public_ip_address_id": "",
                "subnet_id": "/subscriptions/b8af47be-e371-411e-99cf-60e960a5d5ab/resourceGroups/network-rg/providers/Microsoft.Network/virtualNetworks/vnet1/subnets/subnet2"
              }
            ],
            "location": "australiacentral",
            "mac_address": "",
            "name": "lab-web-w-vm2-nic",
            "private_ip_address": "10.0.2.4",
            "private_ip_addresses": [
              "10.0.2.4"
            ],
            "resource_group_name": "windows-rg",
            "tags": {
              "ContactEmail": "annrukshini@gmail.com",
              "Environment": "Lab",
              "Name": "Terraform Class",
              "Project": "Learning"
            },
            "timeouts": null,
            "virtual_machine_id": ""
          },
          "sensitive_attributes": [],
          "private": "eyJlMmJmYjczMC1lY2FhLTExZTYtOGY4OC0zNDM2M2JjN2M0YzAiOnsiY3JlYXRlIjoxODAwMDAwMDAwMDAwLCJkZWxldGUiOjE4MDAwMDAwMDAwMDAsInJlYWQiOjMwMDAwMDAwMDAwMCwidXBkYXRlIjoxODAwMDAwMDAwMDAwfX0=",
          "dependencies": [
            "module.network.azurerm_network_security_group.secgroup1",
            "module.network.azurerm_network_security_group.secgroup2",
            "module.network.azurerm_subnet.subnet1",
            "module.network.azurerm_subnet.subnet2",
            "module.network.azurerm_subnet_network_security_group_association.sgassociation1",
            "module.network.azurerm_subnet_network_security_group_association.sgassociation2",
            "module.network.azurerm_virtual_network.vnet",
            "module.resource_group.azurerm_resource_group.rgroupNetworking",
            "module.resource_group.azurerm_resource_group.rgroupWindows"
          ]
        }
      ]
    },
    {
      "module": "module.windows",
      "mode": "managed",
      "type": "azurerm_public_ip",
      "name": "public_ip",
      "provider": "provider[\"registry.terraform.io/hashicorp/azurerm\"]",
      "instances": [
        {
          "index_key": "lab-web-w-vm1",
          "schema_version": 0,
          "attributes": {
            "allocation_method": "Dynamic",
            "domain_name_label": "lab-web-w-vm1-dns",
            "edge_zone": "",
            "fqdn": "lab-web-w-vm1-dns.australiacentral.cloudapp.azure.com",
            "id": "/subscriptions/b8af47be-e371-411e-99cf-60e960a5d5ab/resourceGroups/windows-rg/providers/Microsoft.Network/publicIPAddresses/lab-web-w-vm1-pip",
            "idle_timeout_in_minutes": 4,
            "ip_address": "",
            "ip_tags": null,
            "ip_version": "IPv4",
            "location": "australiacentral",
            "name": "lab-web-w-vm1-pip",
            "public_ip_prefix_id": null,
            "resource_group_name": "windows-rg",
            "reverse_fqdn": "",
            "sku": "Basic",
            "sku_tier": "Regional",
            "tags": {
              "ContactEmail": "annrukshini@gmail.com",
              "Environment": "Lab",
              "Name": "Terraform Class",
              "Project": "Learning"
            },
            "timeouts": null,
            "zones": null
          },
          "sensitive_attributes": [],
          "private": "eyJlMmJmYjczMC1lY2FhLTExZTYtOGY4OC0zNDM2M2JjN2M0YzAiOnsiY3JlYXRlIjoxODAwMDAwMDAwMDAwLCJkZWxldGUiOjE4MDAwMDAwMDAwMDAsInJlYWQiOjMwMDAwMDAwMDAwMCwidXBkYXRlIjoxODAwMDAwMDAwMDAwfX0=",
          "dependencies": [
            "module.network.azurerm_network_security_group.secgroup1",
            "module.network.azurerm_network_security_group.secgroup2",
            "module.network.azurerm_subnet.subnet1",
            "module.network.azurerm_subnet.subnet2",
            "module.network.azurerm_subnet_network_security_group_association.sgassociation1",
            "module.network.azurerm_subnet_network_security_group_association.sgassociation2",
            "module.network.azurerm_virtual_network.vnet",
            "module.resource_group.azurerm_resource_group.rgroupNetworking",
            "module.resource_group.azurerm_resource_group.rgroupWindows"
          ]
        },
        {
          "index_key": "lab-web-w-vm2",
          "schema_version": 0,
          "attributes": {
            "allocation_method": "Dynamic",
            "domain_name_label": "lab-web-w-vm2-dns",
            "edge_zone": "",
            "fqdn": "lab-web-w-vm2-dns.australiacentral.cloudapp.azure.com",
            "id": "/subscriptions/b8af47be-e371-411e-99cf-60e960a5d5ab/resourceGroups/windows-rg/providers/Microsoft.Network/publicIPAddresses/lab-web-w-vm2-pip",
            "idle_timeout_in_minutes": 4,
            "ip_address": "",
            "ip_tags": null,
            "ip_version": "IPv4",
            "location": "australiacentral",
            "name": "lab-web-w-vm2-pip",
            "public_ip_prefix_id": null,
            "resource_group_name": "windows-rg",
            "reverse_fqdn": "",
            "sku": "Basic",
            "sku_tier": "Regional",
            "tags": {
              "ContactEmail": "annrukshini@gmail.com",
              "Environment": "Lab",
              "Name": "Terraform Class",
              "Project": "Learning"
            },
            "timeouts": null,
            "zones": null
          },
          "sensitive_attributes": [],
          "private": "eyJlMmJmYjczMC1lY2FhLTExZTYtOGY4OC0zNDM2M2JjN2M0YzAiOnsiY3JlYXRlIjoxODAwMDAwMDAwMDAwLCJkZWxldGUiOjE4MDAwMDAwMDAwMDAsInJlYWQiOjMwMDAwMDAwMDAwMCwidXBkYXRlIjoxODAwMDAwMDAwMDAwfX0=",
          "dependencies": [
            "module.network.azurerm_network_security_group.secgroup1",
            "module.network.azurerm_network_security_group.secgroup2",
            "module.network.azurerm_subnet.subnet1",
            "module.network.azurerm_subnet.subnet2",
            "module.network.azurerm_subnet_network_security_group_association.sgassociation1",
            "module.network.azurerm_subnet_network_security_group_association.sgassociation2",
            "module.network.azurerm_virtual_network.vnet",
            "module.resource_group.azurerm_resource_group.rgroupNetworking",
            "module.resource_group.azurerm_resource_group.rgroupWindows"
          ]
        }
      ]
    },
    {
      "module": "module.windows",
      "mode": "managed",
      "type": "azurerm_windows_virtual_machine",
      "name": "windows_vm",
      "provider": "provider[\"registry.terraform.io/hashicorp/azurerm\"]",
      "instances": [
        {
          "index_key": "lab-web-w-vm1",
          "schema_version": 0,
          "attributes": {
            "additional_capabilities": [],
            "additional_unattend_content": [],
            "admin_password": "Admin123",
            "admin_username": "ann-n01517411",
            "allow_extension_operations": true,
            "availability_set_id": "/subscriptions/b8af47be-e371-411e-99cf-60e960a5d5ab/resourceGroups/windows-rg/providers/Microsoft.Compute/availabilitySets/WINDOWS-AVS",
            "boot_diagnostics": [],
            "computer_name": "lab-web-w-vm1",
            "custom_data": null,
            "dedicated_host_group_id": "",
            "dedicated_host_id": "",
            "edge_zone": "",
            "enable_automatic_updates": true,
            "encryption_at_host_enabled": false,
            "eviction_policy": "",
            "extensions_time_budget": "PT1H30M",
            "hotpatching_enabled": false,
            "id": "/subscriptions/b8af47be-e371-411e-99cf-60e960a5d5ab/resourceGroups/windows-rg/providers/Microsoft.Compute/virtualMachines/lab-web-w-vm1",
            "identity": [],
            "license_type": "",
            "location": "australiacentral",
            "max_bid_price": -1,
            "name": "lab-web-w-vm1",
            "network_interface_ids": [
              "/subscriptions/b8af47be-e371-411e-99cf-60e960a5d5ab/resourceGroups/windows-rg/providers/Microsoft.Network/networkInterfaces/lab-web-w-vm1-nic"
            ],
            "os_disk": [
              {
                "caching": "ReadWrite",
                "diff_disk_settings": [],
                "disk_encryption_set_id": "",
                "disk_size_gb": 128,
                "name": "lab-web-w-vm1-os-disk",
                "secure_vm_disk_encryption_set_id": "",
                "security_encryption_type": "",
                "storage_account_type": "StandardSSD_LRS",
                "write_accelerator_enabled": false
              }
            ],
            "patch_mode": "AutomaticByOS",
            "plan": [],
            "platform_fault_domain": -1,
            "priority": "Regular",
            "private_ip_address": "10.0.2.5",
            "private_ip_addresses": [
              "10.0.2.5"
            ],
            "provision_vm_agent": true,
            "proximity_placement_group_id": "",
            "public_ip_address": "",
            "public_ip_addresses": [],
            "resource_group_name": "windows-rg",
            "secret": [],
            "secure_boot_enabled": false,
            "size": "Standard_B1s",
            "source_image_id": "",
            "source_image_reference": [
              {
                "offer": "WindowsServer",
                "publisher": "MicrosoftWindowsServer",
                "sku": "2016-Datacenter",
                "version": "latest"
              }
            ],
            "tags": {
              "ContactEmail": "annrukshini@gmail.com",
              "Environment": "Lab",
              "Name": "Terraform Class",
              "Project": "Learning"
            },
            "termination_notification": null,
            "timeouts": null,
            "timezone": "",
            "user_data": "",
            "virtual_machine_id": "1a3ea40a-fcb8-42c4-afaa-3fd8215beadf",
            "virtual_machine_scale_set_id": "",
            "vtpm_enabled": false,
            "winrm_listener": [
              {
                "certificate_url": "",
                "protocol": "Http"
              }
            ],
            "zone": ""
          },
          "sensitive_attributes": [],
          "private": "eyJlMmJmYjczMC1lY2FhLTExZTYtOGY4OC0zNDM2M2JjN2M0YzAiOnsiY3JlYXRlIjoyNzAwMDAwMDAwMDAwLCJkZWxldGUiOjI3MDAwMDAwMDAwMDAsInJlYWQiOjMwMDAwMDAwMDAwMCwidXBkYXRlIjoyNzAwMDAwMDAwMDAwfX0=",
          "dependencies": [
            "module.network.azurerm_network_security_group.secgroup1",
            "module.network.azurerm_network_security_group.secgroup2",
            "module.network.azurerm_subnet.subnet1",
            "module.network.azurerm_subnet.subnet2",
            "module.network.azurerm_subnet_network_security_group_association.sgassociation1",
            "module.network.azurerm_subnet_network_security_group_association.sgassociation2",
            "module.network.azurerm_virtual_network.vnet",
            "module.resource_group.azurerm_resource_group.rgroupNetworking",
            "module.resource_group.azurerm_resource_group.rgroupWindows",
            "module.windows.azurerm_availability_set.avset",
            "module.windows.azurerm_network_interface.windows_nic"
          ]
        },
        {
          "index_key": "lab-web-w-vm2",
          "schema_version": 0,
          "attributes": {
            "additional_capabilities": [],
            "additional_unattend_content": [],
            "admin_password": "Admin123",
            "admin_username": "ann-n01517411",
            "allow_extension_operations": true,
            "availability_set_id": "/subscriptions/b8af47be-e371-411e-99cf-60e960a5d5ab/resourceGroups/windows-rg/providers/Microsoft.Compute/availabilitySets/WINDOWS-AVS",
            "boot_diagnostics": [],
            "computer_name": "lab-web-w-vm2",
            "custom_data": null,
            "dedicated_host_group_id": "",
            "dedicated_host_id": "",
            "edge_zone": "",
            "enable_automatic_updates": true,
            "encryption_at_host_enabled": false,
            "eviction_policy": "",
            "extensions_time_budget": "PT1H30M",
            "hotpatching_enabled": false,
            "id": "/subscriptions/b8af47be-e371-411e-99cf-60e960a5d5ab/resourceGroups/windows-rg/providers/Microsoft.Compute/virtualMachines/lab-web-w-vm2",
            "identity": [],
            "license_type": "",
            "location": "australiacentral",
            "max_bid_price": -1,
            "name": "lab-web-w-vm2",
            "network_interface_ids": [
              "/subscriptions/b8af47be-e371-411e-99cf-60e960a5d5ab/resourceGroups/windows-rg/providers/Microsoft.Network/networkInterfaces/lab-web-w-vm2-nic"
            ],
            "os_disk": [
              {
                "caching": "ReadWrite",
                "diff_disk_settings": [],
                "disk_encryption_set_id": "",
                "disk_size_gb": 128,
                "name": "lab-web-w-vm2-os-disk",
                "secure_vm_disk_encryption_set_id": "",
                "security_encryption_type": "",
                "storage_account_type": "StandardSSD_LRS",
                "write_accelerator_enabled": false
              }
            ],
            "patch_mode": "AutomaticByOS",
            "plan": [],
            "platform_fault_domain": -1,
            "priority": "Regular",
            "private_ip_address": "10.0.2.4",
            "private_ip_addresses": [
              "10.0.2.4"
            ],
            "provision_vm_agent": true,
            "proximity_placement_group_id": "",
            "public_ip_address": "",
            "public_ip_addresses": [],
            "resource_group_name": "windows-rg",
            "secret": [],
            "secure_boot_enabled": false,
            "size": "Standard_B1ms",
            "source_image_id": "",
            "source_image_reference": [
              {
                "offer": "WindowsServer",
                "publisher": "MicrosoftWindowsServer",
                "sku": "2016-Datacenter",
                "version": "latest"
              }
            ],
            "tags": {
              "ContactEmail": "annrukshini@gmail.com",
              "Environment": "Lab",
              "Name": "Terraform Class",
              "Project": "Learning"
            },
            "termination_notification": null,
            "timeouts": null,
            "timezone": "",
            "user_data": "",
            "virtual_machine_id": "25fd03d8-f6c5-495f-9879-d1428c72e998",
            "virtual_machine_scale_set_id": "",
            "vtpm_enabled": false,
            "winrm_listener": [
              {
                "certificate_url": "",
                "protocol": "Http"
              }
            ],
            "zone": ""
          },
          "sensitive_attributes": [],
          "private": "eyJlMmJmYjczMC1lY2FhLTExZTYtOGY4OC0zNDM2M2JjN2M0YzAiOnsiY3JlYXRlIjoyNzAwMDAwMDAwMDAwLCJkZWxldGUiOjI3MDAwMDAwMDAwMDAsInJlYWQiOjMwMDAwMDAwMDAwMCwidXBkYXRlIjoyNzAwMDAwMDAwMDAwfX0=",
          "dependencies": [
            "module.network.azurerm_network_security_group.secgroup1",
            "module.network.azurerm_network_security_group.secgroup2",
            "module.network.azurerm_subnet.subnet1",
            "module.network.azurerm_subnet.subnet2",
            "module.network.azurerm_subnet_network_security_group_association.sgassociation1",
            "module.network.azurerm_subnet_network_security_group_association.sgassociation2",
            "module.network.azurerm_virtual_network.vnet",
            "module.resource_group.azurerm_resource_group.rgroupNetworking",
            "module.resource_group.azurerm_resource_group.rgroupWindows",
            "module.windows.azurerm_availability_set.avset",
            "module.windows.azurerm_network_interface.windows_nic"
          ]
        }
      ]
    }
  ]
}
